
Microsoft Visual Studio Solution File, Format Version 12.00
# Visual Studio Version 17
VisualStudioVersion = 17.2.32516.85
MinimumVisualStudioVersion = 10.0.40219.1
Project("{9A19103F-16F7-4668-BE54-9A1E7A4F7556}") = "TravelPics.Dashboard.API", "TravelPics.Dashboard.API\TravelPics.Dashboard.API.csproj", "{029BDCE9-DB26-47F6-9EA8-BE112C1F9F25}"
EndProject
Project("{9A19103F-16F7-4668-BE54-9A1E7A4F7556}") = "TravelPics.Domains", "TravelPics.Domains\TravelPics.Domains.csproj", "{4C9E9A93-3FBF-4065-B852-CF08E6EBFF44}"
EndProject
Project("{9A19103F-16F7-4668-BE54-9A1E7A4F7556}") = "TravelPics.Users", "TravelPics.Users\TravelPics.Users.csproj", "{9D47BC10-F3BC-478F-8F4C-A55AC732033B}"
EndProject
Project("{9A19103F-16F7-4668-BE54-9A1E7A4F7556}") = "TravelPics.Security", "TravelPics.Security\TravelPics.Security.csproj", "{D3C98780-F383-46EB-ACBA-1FAA4328D34D}"
EndProject
Project("{9A19103F-16F7-4668-BE54-9A1E7A4F7556}") = "TravelPics.Documents", "TravelPics.Documents\TravelPics.Documents.csproj", "{44589EE7-4786-41E5-879F-91453EDF21BA}"
EndProject
Project("{9A19103F-16F7-4668-BE54-9A1E7A4F7556}") = "TravelPics.Posts", "TravelPics.Posts\TravelPics.Posts.csproj", "{E7B52201-977E-4399-A776-D94020A91661}"
EndProject
Project("{9A19103F-16F7-4668-BE54-9A1E7A4F7556}") = "TravelPics.Locations", "TravelPics.Location\TravelPics.Locations.csproj", "{B3563B9C-4021-4DC3-8729-F0438AF59049}"
EndProject
Project("{9A19103F-16F7-4668-BE54-9A1E7A4F7556}") = "TravelPics.Abstractions", "TravelPics.Abstractions\TravelPics.Abstractions.csproj", "{A6433E06-5170-4D55-9B17-B34D70C53F69}"
EndProject
Project("{9A19103F-16F7-4668-BE54-9A1E7A4F7556}") = "TravelPics.Notifications.Core", "TravelPics.Notifications.Core\TravelPics.Notifications.Core.csproj", "{9DE35701-DF24-4768-BC61-BDA49B716042}"
EndProject
Project("{9A19103F-16F7-4668-BE54-9A1E7A4F7556}") = "TravelPics.MessageClient", "..\TravelPics.MessageClient\TravelPics.MessageClient.csproj", "{33A7CCD3-98CE-4135-8535-2F3DF6F8931C}"
EndProject
Project("{FAE04EC0-301F-11D3-BF4B-00C04F79EFBC}") = "TravelPics.LookupItems", "TravelPics.LookupItems\TravelPics.LookupItems.csproj", "{86D093E2-1861-4C8F-9C27-BF8322BCA980}"
EndProject
Global
	GlobalSection(SolutionConfigurationPlatforms) = preSolution
		Debug|Any CPU = Debug|Any CPU
		Release|Any CPU = Release|Any CPU
	EndGlobalSection
	GlobalSection(ProjectConfigurationPlatforms) = postSolution
		{029BDCE9-DB26-47F6-9EA8-BE112C1F9F25}.Debug|Any CPU.ActiveCfg = Debug|Any CPU
		{029BDCE9-DB26-47F6-9EA8-BE112C1F9F25}.Debug|Any CPU.Build.0 = Debug|Any CPU
		{029BDCE9-DB26-47F6-9EA8-BE112C1F9F25}.Release|Any CPU.ActiveCfg = Release|Any CPU
		{029BDCE9-DB26-47F6-9EA8-BE112C1F9F25}.Release|Any CPU.Build.0 = Release|Any CPU
		{4C9E9A93-3FBF-4065-B852-CF08E6EBFF44}.Debug|Any CPU.ActiveCfg = Debug|Any CPU
		{4C9E9A93-3FBF-4065-B852-CF08E6EBFF44}.Debug|Any CPU.Build.0 = Debug|Any CPU
		{4C9E9A93-3FBF-4065-B852-CF08E6EBFF44}.Release|Any CPU.ActiveCfg = Release|Any CPU
		{4C9E9A93-3FBF-4065-B852-CF08E6EBFF44}.Release|Any CPU.Build.0 = Release|Any CPU
		{9D47BC10-F3BC-478F-8F4C-A55AC732033B}.Debug|Any CPU.ActiveCfg = Debug|Any CPU
		{9D47BC10-F3BC-478F-8F4C-A55AC732033B}.Debug|Any CPU.Build.0 = Debug|Any CPU
		{9D47BC10-F3BC-478F-8F4C-A55AC732033B}.Release|Any CPU.ActiveCfg = Release|Any CPU
		{9D47BC10-F3BC-478F-8F4C-A55AC732033B}.Release|Any CPU.Build.0 = Release|Any CPU
		{D3C98780-F383-46EB-ACBA-1FAA4328D34D}.Debug|Any CPU.ActiveCfg = Debug|Any CPU
		{D3C98780-F383-46EB-ACBA-1FAA4328D34D}.Debug|Any CPU.Build.0 = Debug|Any CPU
		{D3C98780-F383-46EB-ACBA-1FAA4328D34D}.Release|Any CPU.ActiveCfg = Release|Any CPU
		{D3C98780-F383-46EB-ACBA-1FAA4328D34D}.Release|Any CPU.Build.0 = Release|Any CPU
		{44589EE7-4786-41E5-879F-91453EDF21BA}.Debug|Any CPU.ActiveCfg = Debug|Any CPU
		{44589EE7-4786-41E5-879F-91453EDF21BA}.Debug|Any CPU.Build.0 = Debug|Any CPU
		{44589EE7-4786-41E5-879F-91453EDF21BA}.Release|Any CPU.ActiveCfg = Release|Any CPU
		{44589EE7-4786-41E5-879F-91453EDF21BA}.Release|Any CPU.Build.0 = Release|Any CPU
		{E7B52201-977E-4399-A776-D94020A91661}.Debug|Any CPU.ActiveCfg = Debug|Any CPU
		{E7B52201-977E-4399-A776-D94020A91661}.Debug|Any CPU.Build.0 = Debug|Any CPU
		{E7B52201-977E-4399-A776-D94020A91661}.Release|Any CPU.ActiveCfg = Release|Any CPU
		{E7B52201-977E-4399-A776-D94020A91661}.Release|Any CPU.Build.0 = Release|Any CPU
		{B3563B9C-4021-4DC3-8729-F0438AF59049}.Debug|Any CPU.ActiveCfg = Debug|Any CPU
		{B3563B9C-4021-4DC3-8729-F0438AF59049}.Debug|Any CPU.Build.0 = Debug|Any CPU
		{B3563B9C-4021-4DC3-8729-F0438AF59049}.Release|Any CPU.ActiveCfg = Release|Any CPU
		{B3563B9C-4021-4DC3-8729-F0438AF59049}.Release|Any CPU.Build.0 = Release|Any CPU
		{A6433E06-5170-4D55-9B17-B34D70C53F69}.Debug|Any CPU.ActiveCfg = Debug|Any CPU
		{A6433E06-5170-4D55-9B17-B34D70C53F69}.Debug|Any CPU.Build.0 = Debug|Any CPU
		{A6433E06-5170-4D55-9B17-B34D70C53F69}.Release|Any CPU.ActiveCfg = Release|Any CPU
		{A6433E06-5170-4D55-9B17-B34D70C53F69}.Release|Any CPU.Build.0 = Release|Any CPU
		{9DE35701-DF24-4768-BC61-BDA49B716042}.Debug|Any CPU.ActiveCfg = Debug|Any CPU
		{9DE35701-DF24-4768-BC61-BDA49B716042}.Debug|Any CPU.Build.0 = Debug|Any CPU
		{9DE35701-DF24-4768-BC61-BDA49B716042}.Release|Any CPU.ActiveCfg = Release|Any CPU
		{9DE35701-DF24-4768-BC61-BDA49B716042}.Release|Any CPU.Build.0 = Release|Any CPU
		{33A7CCD3-98CE-4135-8535-2F3DF6F8931C}.Debug|Any CPU.ActiveCfg = Debug|Any CPU
		{33A7CCD3-98CE-4135-8535-2F3DF6F8931C}.Debug|Any CPU.Build.0 = Debug|Any CPU
		{33A7CCD3-98CE-4135-8535-2F3DF6F8931C}.Release|Any CPU.ActiveCfg = Release|Any CPU
		{33A7CCD3-98CE-4135-8535-2F3DF6F8931C}.Release|Any CPU.Build.0 = Release|Any CPU
		{86D093E2-1861-4C8F-9C27-BF8322BCA980}.Debug|Any CPU.ActiveCfg = Debug|Any CPU
		{86D093E2-1861-4C8F-9C27-BF8322BCA980}.Debug|Any CPU.Build.0 = Debug|Any CPU
		{86D093E2-1861-4C8F-9C27-BF8322BCA980}.Release|Any CPU.ActiveCfg = Release|Any CPU
		{86D093E2-1861-4C8F-9C27-BF8322BCA980}.Release|Any CPU.Build.0 = Release|Any CPU
	EndGlobalSection
	GlobalSection(SolutionProperties) = preSolution
		HideSolutionNode = FALSE
	EndGlobalSection
	GlobalSection(ExtensibilityGlobals) = postSolution
		SolutionGuid = {B2A1FE02-D92C-4C7B-B83A-66E62C475244}
	EndGlobalSection
EndGlobal
