
Microsoft Visual Studio Solution File, Format Version 12.00
# Visual Studio Version 17
VisualStudioVersion = 17.4.33403.182
MinimumVisualStudioVersion = 10.0.40219.1
Project("{9A19103F-16F7-4668-BE54-9A1E7A4F7556}") = "TravelPics.Notifications", "TravelPics.Notifications\TravelPics.Notifications.csproj", "{64DFE94C-7AE3-4D9F-85AC-BB08B2E546FD}"
EndProject
Project("{9A19103F-16F7-4668-BE54-9A1E7A4F7556}") = "TravelPics.MessageClient", "..\TravelPics.MessageClient\TravelPics.MessageClient.csproj", "{4A6DC20D-642F-4E3D-BB39-3DFA5E4AD23A}"
EndProject
Global
	GlobalSection(SolutionConfigurationPlatforms) = preSolution
		Debug|Any CPU = Debug|Any CPU
		Release|Any CPU = Release|Any CPU
	EndGlobalSection
	GlobalSection(ProjectConfigurationPlatforms) = postSolution
		{64DFE94C-7AE3-4D9F-85AC-BB08B2E546FD}.Debug|Any CPU.ActiveCfg = Debug|Any CPU
		{64DFE94C-7AE3-4D9F-85AC-BB08B2E546FD}.Debug|Any CPU.Build.0 = Debug|Any CPU
		{64DFE94C-7AE3-4D9F-85AC-BB08B2E546FD}.Release|Any CPU.ActiveCfg = Release|Any CPU
		{64DFE94C-7AE3-4D9F-85AC-BB08B2E546FD}.Release|Any CPU.Build.0 = Release|Any CPU
		{4A6DC20D-642F-4E3D-BB39-3DFA5E4AD23A}.Debug|Any CPU.ActiveCfg = Debug|Any CPU
		{4A6DC20D-642F-4E3D-BB39-3DFA5E4AD23A}.Debug|Any CPU.Build.0 = Debug|Any CPU
		{4A6DC20D-642F-4E3D-BB39-3DFA5E4AD23A}.Release|Any CPU.ActiveCfg = Release|Any CPU
		{4A6DC20D-642F-4E3D-BB39-3DFA5E4AD23A}.Release|Any CPU.Build.0 = Release|Any CPU
	EndGlobalSection
	GlobalSection(SolutionProperties) = preSolution
		HideSolutionNode = FALSE
	EndGlobalSection
	GlobalSection(ExtensibilityGlobals) = postSolution
		SolutionGuid = {84F20FBC-67AE-4CFC-B933-D04ABA2006C3}
	EndGlobalSection
EndGlobal
