
Microsoft Visual Studio Solution File, Format Version 12.00
# Visual Studio Version 17
VisualStudioVersion = 17.4.33403.182
MinimumVisualStudioVersion = 10.0.40219.1
Project("{9A19103F-16F7-4668-BE54-9A1E7A4F7556}") = "TravelPics.Notifications", "TravelPics.Notifications\TravelPics.Notifications.csproj", "{64DFE94C-7AE3-4D9F-85AC-BB08B2E546FD}"
EndProject
Project("{9A19103F-16F7-4668-BE54-9A1E7A4F7556}") = "TravelPics.MessageClient", "..\TravelPics.MessageClient\TravelPics.MessageClient.csproj", "{4A6DC20D-642F-4E3D-BB39-3DFA5E4AD23A}"
EndProject
Project("{9A19103F-16F7-4668-BE54-9A1E7A4F7556}") = "TravelPics.Notifications.Processors", "TravelPics.Notifications.Processors\TravelPics.Notifications.Processors.csproj", "{4F9A066B-1BE4-4E37-A007-3E328A771344}"
EndProject
Project("{9A19103F-16F7-4668-BE54-9A1E7A4F7556}") = "TravelPics.Abstractions", "..\TravelPics.Dashboard.API\TravelPics.Abstractions\TravelPics.Abstractions.csproj", "{120193E0-91A6-41EB-80D9-C4D72420E44D}"
EndProject
Project("{9A19103F-16F7-4668-BE54-9A1E7A4F7556}") = "TravelPics.Domains", "..\TravelPics.Dashboard.API\TravelPics.Domains\TravelPics.Domains.csproj", "{A43216B5-376C-48A1-9CDE-E10A5DBADEA5}"
EndProject
Project("{9A19103F-16F7-4668-BE54-9A1E7A4F7556}") = "TravelPics.Notifications.Core", "..\TravelPics.Dashboard.API\TravelPics.Notifications.Core\TravelPics.Notifications.Core.csproj", "{772B8F32-5A2A-45B1-B5CB-25C6484FC3F7}"
EndProject
Project("{9A19103F-16F7-4668-BE54-9A1E7A4F7556}") = "TravelPics.Users", "..\TravelPics.Dashboard.API\TravelPics.Users\TravelPics.Users.csproj", "{61EBC908-AD17-4BAF-9AF7-ABFF94E73E77}"
EndProject
Project("{9A19103F-16F7-4668-BE54-9A1E7A4F7556}") = "TravelPics.Documents", "..\TravelPics.Dashboard.API\TravelPics.Documents\TravelPics.Documents.csproj", "{A1D66453-F02B-4F96-81D2-EF3172A607CA}"
EndProject
Global
	GlobalSection(SolutionConfigurationPlatforms) = preSolution
		Debug|Any CPU = Debug|Any CPU
		Release|Any CPU = Release|Any CPU
	EndGlobalSection
	GlobalSection(ProjectConfigurationPlatforms) = postSolution
		{64DFE94C-7AE3-4D9F-85AC-BB08B2E546FD}.Debug|Any CPU.ActiveCfg = Debug|Any CPU
		{64DFE94C-7AE3-4D9F-85AC-BB08B2E546FD}.Debug|Any CPU.Build.0 = Debug|Any CPU
		{64DFE94C-7AE3-4D9F-85AC-BB08B2E546FD}.Release|Any CPU.ActiveCfg = Release|Any CPU
		{64DFE94C-7AE3-4D9F-85AC-BB08B2E546FD}.Release|Any CPU.Build.0 = Release|Any CPU
		{4A6DC20D-642F-4E3D-BB39-3DFA5E4AD23A}.Debug|Any CPU.ActiveCfg = Debug|Any CPU
		{4A6DC20D-642F-4E3D-BB39-3DFA5E4AD23A}.Debug|Any CPU.Build.0 = Debug|Any CPU
		{4A6DC20D-642F-4E3D-BB39-3DFA5E4AD23A}.Release|Any CPU.ActiveCfg = Release|Any CPU
		{4A6DC20D-642F-4E3D-BB39-3DFA5E4AD23A}.Release|Any CPU.Build.0 = Release|Any CPU
		{4F9A066B-1BE4-4E37-A007-3E328A771344}.Debug|Any CPU.ActiveCfg = Debug|Any CPU
		{4F9A066B-1BE4-4E37-A007-3E328A771344}.Debug|Any CPU.Build.0 = Debug|Any CPU
		{4F9A066B-1BE4-4E37-A007-3E328A771344}.Release|Any CPU.ActiveCfg = Release|Any CPU
		{4F9A066B-1BE4-4E37-A007-3E328A771344}.Release|Any CPU.Build.0 = Release|Any CPU
		{120193E0-91A6-41EB-80D9-C4D72420E44D}.Debug|Any CPU.ActiveCfg = Debug|Any CPU
		{120193E0-91A6-41EB-80D9-C4D72420E44D}.Debug|Any CPU.Build.0 = Debug|Any CPU
		{120193E0-91A6-41EB-80D9-C4D72420E44D}.Release|Any CPU.ActiveCfg = Release|Any CPU
		{120193E0-91A6-41EB-80D9-C4D72420E44D}.Release|Any CPU.Build.0 = Release|Any CPU
		{A43216B5-376C-48A1-9CDE-E10A5DBADEA5}.Debug|Any CPU.ActiveCfg = Debug|Any CPU
		{A43216B5-376C-48A1-9CDE-E10A5DBADEA5}.Debug|Any CPU.Build.0 = Debug|Any CPU
		{A43216B5-376C-48A1-9CDE-E10A5DBADEA5}.Release|Any CPU.ActiveCfg = Release|Any CPU
		{A43216B5-376C-48A1-9CDE-E10A5DBADEA5}.Release|Any CPU.Build.0 = Release|Any CPU
		{772B8F32-5A2A-45B1-B5CB-25C6484FC3F7}.Debug|Any CPU.ActiveCfg = Debug|Any CPU
		{772B8F32-5A2A-45B1-B5CB-25C6484FC3F7}.Debug|Any CPU.Build.0 = Debug|Any CPU
		{772B8F32-5A2A-45B1-B5CB-25C6484FC3F7}.Release|Any CPU.ActiveCfg = Release|Any CPU
		{772B8F32-5A2A-45B1-B5CB-25C6484FC3F7}.Release|Any CPU.Build.0 = Release|Any CPU
		{61EBC908-AD17-4BAF-9AF7-ABFF94E73E77}.Debug|Any CPU.ActiveCfg = Debug|Any CPU
		{61EBC908-AD17-4BAF-9AF7-ABFF94E73E77}.Debug|Any CPU.Build.0 = Debug|Any CPU
		{61EBC908-AD17-4BAF-9AF7-ABFF94E73E77}.Release|Any CPU.ActiveCfg = Release|Any CPU
		{61EBC908-AD17-4BAF-9AF7-ABFF94E73E77}.Release|Any CPU.Build.0 = Release|Any CPU
		{A1D66453-F02B-4F96-81D2-EF3172A607CA}.Debug|Any CPU.ActiveCfg = Debug|Any CPU
		{A1D66453-F02B-4F96-81D2-EF3172A607CA}.Debug|Any CPU.Build.0 = Debug|Any CPU
		{A1D66453-F02B-4F96-81D2-EF3172A607CA}.Release|Any CPU.ActiveCfg = Release|Any CPU
		{A1D66453-F02B-4F96-81D2-EF3172A607CA}.Release|Any CPU.Build.0 = Release|Any CPU
	EndGlobalSection
	GlobalSection(SolutionProperties) = preSolution
		HideSolutionNode = FALSE
	EndGlobalSection
	GlobalSection(ExtensibilityGlobals) = postSolution
		SolutionGuid = {84F20FBC-67AE-4CFC-B933-D04ABA2006C3}
	EndGlobalSection
EndGlobal
